// !$*UTF8*$!
{
	archiveVersion = 1;
	classes = {
	};
	objectVersion = 46;
	objects = {

/* Begin PBXBuildFile section */
		770CC1771D460ECA0088910E /* main.m in Sources */ = {isa = PBXBuildFile; fileRef = 770CC1761D460ECA0088910E /* main.m */; };
		770CC17A1D460ECA0088910E /* AppDelegate.m in Sources */ = {isa = PBXBuildFile; fileRef = 770CC1791D460ECA0088910E /* AppDelegate.m */; };
		770CC1801D460ECA0088910E /* Main.storyboard in Resources */ = {isa = PBXBuildFile; fileRef = 770CC17E1D460ECA0088910E /* Main.storyboard */; };
		770CC1821D460ECA0088910E /* Assets.xcassets in Resources */ = {isa = PBXBuildFile; fileRef = 770CC1811D460ECA0088910E /* Assets.xcassets */; };
		770CC1851D460ECA0088910E /* LaunchScreen.storyboard in Resources */ = {isa = PBXBuildFile; fileRef = 770CC1831D460ECA0088910E /* LaunchScreen.storyboard */; };
		7729AE691D6C64F0001AEDA1 /* DeviceServerApi+PowerSwitch.m in Sources */ = {isa = PBXBuildFile; fileRef = 7729AE681D6C64F0001AEDA1 /* DeviceServerApi+PowerSwitch.m */; };
		772CA1161D48E280006ECAA2 /* DataApi.m in Sources */ = {isa = PBXBuildFile; fileRef = 772CA1151D48E280006ECAA2 /* DataApi.m */; };
		773C59E21D6D9893008BDEA9 /* CreatorKit.framework in Frameworks */ = {isa = PBXBuildFile; fileRef = 773C594E1D6D97EC008BDEA9 /* CreatorKit.framework */; };
		773C59E31D6D9893008BDEA9 /* CreatorKit.framework in Embed Frameworks */ = {isa = PBXBuildFile; fileRef = 773C594E1D6D97EC008BDEA9 /* CreatorKit.framework */; settings = {ATTRIBUTES = (CodeSignOnCopy, RemoveHeadersOnCopy, ); }; };
		774341031D4A4CFE000D6FF2 /* RelayDevice.m in Sources */ = {isa = PBXBuildFile; fileRef = 774341021D4A4CFE000D6FF2 /* RelayDevice.m */; };
		77447A661D5B4F36006AF506 /* Client.m in Sources */ = {isa = PBXBuildFile; fileRef = 77447A4E1D5B4F36006AF506 /* Client.m */; };
		77447A671D5B4F36006AF506 /* Clients.m in Sources */ = {isa = PBXBuildFile; fileRef = 77447A501D5B4F36006AF506 /* Clients.m */; };
		77447A691D5B4F36006AF506 /* Instances.m in Sources */ = {isa = PBXBuildFile; fileRef = 77447A541D5B4F36006AF506 /* Instances.m */; };
		77447A6A1D5B4F36006AF506 /* IPSODigitalOutputInstance.m in Sources */ = {isa = PBXBuildFile; fileRef = 77447A561D5B4F36006AF506 /* IPSODigitalOutputInstance.m */; };
		77447A6B1D5B4F36006AF506 /* IPSOInstance.m in Sources */ = {isa = PBXBuildFile; fileRef = 77447A581D5B4F36006AF506 /* IPSOInstance.m */; };
		77447A6E1D5B4F36006AF506 /* ObjectType.m in Sources */ = {isa = PBXBuildFile; fileRef = 77447A5F1D5B4F36006AF506 /* ObjectType.m */; };
		77447A6F1D5B4F36006AF506 /* ObjectTypes.m in Sources */ = {isa = PBXBuildFile; fileRef = 77447A611D5B4F36006AF506 /* ObjectTypes.m */; };
		77447A701D5B4F36006AF506 /* PageInfo.m in Sources */ = {isa = PBXBuildFile; fileRef = 77447A631D5B4F36006AF506 /* PageInfo.m */; };
		7744A5171D547BCD0000E18D /* AppData.m in Sources */ = {isa = PBXBuildFile; fileRef = 7744A5161D547BCD0000E18D /* AppData.m */; };
		77CA80DE1D50BFCA007AE6E3 /* GatewayTableViewCell.m in Sources */ = {isa = PBXBuildFile; fileRef = 77CA80DD1D50BFCA007AE6E3 /* GatewayTableViewCell.m */; };
		77CA80E51D50BFF2007AE6E3 /* GatewaysTableViewController.m in Sources */ = {isa = PBXBuildFile; fileRef = 77CA80E01D50BFF2007AE6E3 /* GatewaysTableViewController.m */; };
		77CA80E71D50BFF2007AE6E3 /* RelayDevicesViewController.m in Sources */ = {isa = PBXBuildFile; fileRef = 77CA80E41D50BFF2007AE6E3 /* RelayDevicesViewController.m */; };
		77CA80EA1D50C08F007AE6E3 /* RelayDeviceTableViewCell.m in Sources */ = {isa = PBXBuildFile; fileRef = 77CA80E91D50C08F007AE6E3 /* RelayDeviceTableViewCell.m */; };
/* End PBXBuildFile section */

/* Begin PBXContainerItemProxy section */
		773C594D1D6D97EC008BDEA9 /* PBXContainerItemProxy */ = {
			isa = PBXContainerItemProxy;
			containerPortal = 773C59491D6D97E6008BDEA9 /* CreatorKit.xcodeproj */;
			proxyType = 2;
			remoteGlobalIDString = 773C593E1D6D97D1008BDEA9;
			remoteInfo = CreatorKit;
		};
		773C59DF1D6D9885008BDEA9 /* PBXContainerItemProxy */ = {
			isa = PBXContainerItemProxy;
			containerPortal = 773C59491D6D97E6008BDEA9 /* CreatorKit.xcodeproj */;
			proxyType = 1;
			remoteGlobalIDString = 773C593D1D6D97D1008BDEA9;
			remoteInfo = CreatorKit;
		};
		773C59E41D6D9893008BDEA9 /* PBXContainerItemProxy */ = {
			isa = PBXContainerItemProxy;
			containerPortal = 773C59491D6D97E6008BDEA9 /* CreatorKit.xcodeproj */;
			proxyType = 1;
			remoteGlobalIDString = 773C593D1D6D97D1008BDEA9;
			remoteInfo = CreatorKit;
		};
/* End PBXContainerItemProxy section */

/* Begin PBXCopyFilesBuildPhase section */
		773C59E61D6D9893008BDEA9 /* Embed Frameworks */ = {
			isa = PBXCopyFilesBuildPhase;
			buildActionMask = 2147483647;
			dstPath = "";
			dstSubfolderSpec = 10;
			files = (
				773C59E31D6D9893008BDEA9 /* CreatorKit.framework in Embed Frameworks */,
			);
			name = "Embed Frameworks";
			runOnlyForDeploymentPostprocessing = 0;
		};
/* End PBXCopyFilesBuildPhase section */

/* Begin PBXFileReference section */
		770CC1721D460ECA0088910E /* PowerSwitch.app */ = {isa = PBXFileReference; explicitFileType = wrapper.application; includeInIndex = 0; path = PowerSwitch.app; sourceTree = BUILT_PRODUCTS_DIR; };
		770CC1761D460ECA0088910E /* main.m */ = {isa = PBXFileReference; lastKnownFileType = sourcecode.c.objc; path = main.m; sourceTree = "<group>"; };
		770CC1781D460ECA0088910E /* AppDelegate.h */ = {isa = PBXFileReference; lastKnownFileType = sourcecode.c.h; path = AppDelegate.h; sourceTree = "<group>"; };
		770CC1791D460ECA0088910E /* AppDelegate.m */ = {isa = PBXFileReference; lastKnownFileType = sourcecode.c.objc; path = AppDelegate.m; sourceTree = "<group>"; };
		770CC17F1D460ECA0088910E /* Base */ = {isa = PBXFileReference; lastKnownFileType = file.storyboard; name = Base; path = Base.lproj/Main.storyboard; sourceTree = "<group>"; };
		770CC1811D460ECA0088910E /* Assets.xcassets */ = {isa = PBXFileReference; lastKnownFileType = folder.assetcatalog; path = Assets.xcassets; sourceTree = "<group>"; };
		770CC1841D460ECA0088910E /* Base */ = {isa = PBXFileReference; lastKnownFileType = file.storyboard; name = Base; path = Base.lproj/LaunchScreen.storyboard; sourceTree = "<group>"; };
		770CC1861D460ECA0088910E /* Info.plist */ = {isa = PBXFileReference; lastKnownFileType = text.plist.xml; path = Info.plist; sourceTree = "<group>"; };
		7729AE671D6C64F0001AEDA1 /* DeviceServerApi+PowerSwitch.h */ = {isa = PBXFileReference; fileEncoding = 4; lastKnownFileType = sourcecode.c.h; name = "DeviceServerApi+PowerSwitch.h"; path = "api/DeviceServerApi+PowerSwitch.h"; sourceTree = "<group>"; };
		7729AE681D6C64F0001AEDA1 /* DeviceServerApi+PowerSwitch.m */ = {isa = PBXFileReference; fileEncoding = 4; lastKnownFileType = sourcecode.c.objc; name = "DeviceServerApi+PowerSwitch.m"; path = "api/DeviceServerApi+PowerSwitch.m"; sourceTree = "<group>"; };
		772CA1141D48E280006ECAA2 /* DataApi.h */ = {isa = PBXFileReference; fileEncoding = 4; lastKnownFileType = sourcecode.c.h; name = DataApi.h; path = api/DataApi.h; sourceTree = "<group>"; };
		772CA1151D48E280006ECAA2 /* DataApi.m */ = {isa = PBXFileReference; fileEncoding = 4; lastKnownFileType = sourcecode.c.objc; name = DataApi.m; path = api/DataApi.m; sourceTree = "<group>"; };
		773C59491D6D97E6008BDEA9 /* CreatorKit.xcodeproj */ = {isa = PBXFileReference; lastKnownFileType = "wrapper.pb-project"; name = CreatorKit.xcodeproj; path = CreatorKit/CreatorKit.xcodeproj; sourceTree = "<group>"; };
		774341011D4A4CFE000D6FF2 /* RelayDevice.h */ = {isa = PBXFileReference; fileEncoding = 4; lastKnownFileType = sourcecode.c.h; name = RelayDevice.h; path = data/RelayDevice.h; sourceTree = "<group>"; };
		774341021D4A4CFE000D6FF2 /* RelayDevice.m */ = {isa = PBXFileReference; fileEncoding = 4; lastKnownFileType = sourcecode.c.objc; name = RelayDevice.m; path = data/RelayDevice.m; sourceTree = "<group>"; };
		77447A4D1D5B4F36006AF506 /* Client.h */ = {isa = PBXFileReference; fileEncoding = 4; lastKnownFileType = sourcecode.c.h; name = Client.h; path = hateoas/Client.h; sourceTree = "<group>"; };
		77447A4E1D5B4F36006AF506 /* Client.m */ = {isa = PBXFileReference; fileEncoding = 4; lastKnownFileType = sourcecode.c.objc; name = Client.m; path = hateoas/Client.m; sourceTree = "<group>"; };
		77447A4F1D5B4F36006AF506 /* Clients.h */ = {isa = PBXFileReference; fileEncoding = 4; lastKnownFileType = sourcecode.c.h; name = Clients.h; path = hateoas/Clients.h; sourceTree = "<group>"; };
		77447A501D5B4F36006AF506 /* Clients.m */ = {isa = PBXFileReference; fileEncoding = 4; lastKnownFileType = sourcecode.c.objc; name = Clients.m; path = hateoas/Clients.m; sourceTree = "<group>"; };
		77447A531D5B4F36006AF506 /* Instances.h */ = {isa = PBXFileReference; fileEncoding = 4; lastKnownFileType = sourcecode.c.h; name = Instances.h; path = hateoas/Instances.h; sourceTree = "<group>"; };
		77447A541D5B4F36006AF506 /* Instances.m */ = {isa = PBXFileReference; fileEncoding = 4; lastKnownFileType = sourcecode.c.objc; name = Instances.m; path = hateoas/Instances.m; sourceTree = "<group>"; };
		77447A551D5B4F36006AF506 /* IPSODigitalOutputInstance.h */ = {isa = PBXFileReference; fileEncoding = 4; lastKnownFileType = sourcecode.c.h; name = IPSODigitalOutputInstance.h; path = hateoas/IPSODigitalOutputInstance.h; sourceTree = "<group>"; };
		77447A561D5B4F36006AF506 /* IPSODigitalOutputInstance.m */ = {isa = PBXFileReference; fileEncoding = 4; lastKnownFileType = sourcecode.c.objc; name = IPSODigitalOutputInstance.m; path = hateoas/IPSODigitalOutputInstance.m; sourceTree = "<group>"; };
		77447A571D5B4F36006AF506 /* IPSOInstance.h */ = {isa = PBXFileReference; fileEncoding = 4; lastKnownFileType = sourcecode.c.h; name = IPSOInstance.h; path = hateoas/IPSOInstance.h; sourceTree = "<group>"; };
		77447A581D5B4F36006AF506 /* IPSOInstance.m */ = {isa = PBXFileReference; fileEncoding = 4; lastKnownFileType = sourcecode.c.objc; name = IPSOInstance.m; path = hateoas/IPSOInstance.m; sourceTree = "<group>"; };
		77447A5E1D5B4F36006AF506 /* ObjectType.h */ = {isa = PBXFileReference; fileEncoding = 4; lastKnownFileType = sourcecode.c.h; name = ObjectType.h; path = hateoas/ObjectType.h; sourceTree = "<group>"; };
		77447A5F1D5B4F36006AF506 /* ObjectType.m */ = {isa = PBXFileReference; fileEncoding = 4; lastKnownFileType = sourcecode.c.objc; name = ObjectType.m; path = hateoas/ObjectType.m; sourceTree = "<group>"; };
		77447A601D5B4F36006AF506 /* ObjectTypes.h */ = {isa = PBXFileReference; fileEncoding = 4; lastKnownFileType = sourcecode.c.h; name = ObjectTypes.h; path = hateoas/ObjectTypes.h; sourceTree = "<group>"; };
		77447A611D5B4F36006AF506 /* ObjectTypes.m */ = {isa = PBXFileReference; fileEncoding = 4; lastKnownFileType = sourcecode.c.objc; name = ObjectTypes.m; path = hateoas/ObjectTypes.m; sourceTree = "<group>"; };
		77447A621D5B4F36006AF506 /* PageInfo.h */ = {isa = PBXFileReference; fileEncoding = 4; lastKnownFileType = sourcecode.c.h; name = PageInfo.h; path = hateoas/PageInfo.h; sourceTree = "<group>"; };
		77447A631D5B4F36006AF506 /* PageInfo.m */ = {isa = PBXFileReference; fileEncoding = 4; lastKnownFileType = sourcecode.c.objc; name = PageInfo.m; path = hateoas/PageInfo.m; sourceTree = "<group>"; };
		7744A5151D547BCD0000E18D /* AppData.h */ = {isa = PBXFileReference; fileEncoding = 4; lastKnownFileType = sourcecode.c.h; name = AppData.h; path = data/AppData.h; sourceTree = "<group>"; };
		7744A5161D547BCD0000E18D /* AppData.m */ = {isa = PBXFileReference; fileEncoding = 4; lastKnownFileType = sourcecode.c.objc; name = AppData.m; path = data/AppData.m; sourceTree = "<group>"; };
		77A4494E1D5DDEB000149F6E /* ProvideDataApiProtocol.h */ = {isa = PBXFileReference; lastKnownFileType = sourcecode.c.h; path = ProvideDataApiProtocol.h; sourceTree = "<group>"; };
		77CA80DC1D50BFCA007AE6E3 /* GatewayTableViewCell.h */ = {isa = PBXFileReference; fileEncoding = 4; lastKnownFileType = sourcecode.c.h; name = GatewayTableViewCell.h; path = views/GatewayTableViewCell.h; sourceTree = "<group>"; };
		77CA80DD1D50BFCA007AE6E3 /* GatewayTableViewCell.m */ = {isa = PBXFileReference; fileEncoding = 4; lastKnownFileType = sourcecode.c.objc; name = GatewayTableViewCell.m; path = views/GatewayTableViewCell.m; sourceTree = "<group>"; };
		77CA80DF1D50BFF2007AE6E3 /* GatewaysTableViewController.h */ = {isa = PBXFileReference; fileEncoding = 4; lastKnownFileType = sourcecode.c.h; name = GatewaysTableViewController.h; path = viewControllers/GatewaysTableViewController.h; sourceTree = "<group>"; };
		77CA80E01D50BFF2007AE6E3 /* GatewaysTableViewController.m */ = {isa = PBXFileReference; fileEncoding = 4; lastKnownFileType = sourcecode.c.objc; name = GatewaysTableViewController.m; path = viewControllers/GatewaysTableViewController.m; sourceTree = "<group>"; };
		77CA80E31D50BFF2007AE6E3 /* RelayDevicesViewController.h */ = {isa = PBXFileReference; fileEncoding = 4; lastKnownFileType = sourcecode.c.h; name = RelayDevicesViewController.h; path = viewControllers/RelayDevicesViewController.h; sourceTree = "<group>"; };
		77CA80E41D50BFF2007AE6E3 /* RelayDevicesViewController.m */ = {isa = PBXFileReference; fileEncoding = 4; lastKnownFileType = sourcecode.c.objc; name = RelayDevicesViewController.m; path = viewControllers/RelayDevicesViewController.m; sourceTree = "<group>"; };
		77CA80E81D50C08F007AE6E3 /* RelayDeviceTableViewCell.h */ = {isa = PBXFileReference; fileEncoding = 4; lastKnownFileType = sourcecode.c.h; name = RelayDeviceTableViewCell.h; path = views/RelayDeviceTableViewCell.h; sourceTree = "<group>"; };
		77CA80E91D50C08F007AE6E3 /* RelayDeviceTableViewCell.m */ = {isa = PBXFileReference; fileEncoding = 4; lastKnownFileType = sourcecode.c.objc; name = RelayDeviceTableViewCell.m; path = views/RelayDeviceTableViewCell.m; sourceTree = "<group>"; };
/* End PBXFileReference section */

/* Begin PBXFrameworksBuildPhase section */
		770CC16F1D460ECA0088910E /* Frameworks */ = {
			isa = PBXFrameworksBuildPhase;
			buildActionMask = 2147483647;
			files = (
				773C59E21D6D9893008BDEA9 /* CreatorKit.framework in Frameworks */,
			);
			runOnlyForDeploymentPostprocessing = 0;
		};
/* End PBXFrameworksBuildPhase section */

/* Begin PBXGroup section */
		770CC1691D460ECA0088910E = {
			isa = PBXGroup;
			children = (
				773C59491D6D97E6008BDEA9 /* CreatorKit.xcodeproj */,
				770CC1741D460ECA0088910E /* PowerSwitch */,
				770CC1731D460ECA0088910E /* Products */,
			);
			sourceTree = "<group>";
		};
		770CC1731D460ECA0088910E /* Products */ = {
			isa = PBXGroup;
			children = (
				770CC1721D460ECA0088910E /* PowerSwitch.app */,
			);
			name = Products;
			sourceTree = "<group>";
		};
		770CC1741D460ECA0088910E /* PowerSwitch */ = {
			isa = PBXGroup;
			children = (
				770CC1781D460ECA0088910E /* AppDelegate.h */,
				770CC1791D460ECA0088910E /* AppDelegate.m */,
				77A4494E1D5DDEB000149F6E /* ProvideDataApiProtocol.h */,
				770CC17E1D460ECA0088910E /* Main.storyboard */,
				770CC1811D460ECA0088910E /* Assets.xcassets */,
				770CC1831D460ECA0088910E /* LaunchScreen.storyboard */,
				770CC1AE1D460F9E0088910E /* Api */,
				772CA1101D48E209006ECAA2 /* Data */,
				770CC1B51D4611BE0088910E /* Hateoas */,
				77CA80DB1D50BF9D007AE6E3 /* View Controllers */,
				77CA80D11D50BF67007AE6E3 /* Views */,
				770CC1861D460ECA0088910E /* Info.plist */,
				770CC1751D460ECA0088910E /* Supporting Files */,
			);
			path = PowerSwitch;
			sourceTree = "<group>";
		};
		770CC1751D460ECA0088910E /* Supporting Files */ = {
			isa = PBXGroup;
			children = (
				770CC1761D460ECA0088910E /* main.m */,
			);
			name = "Supporting Files";
			sourceTree = "<group>";
		};
		770CC1AE1D460F9E0088910E /* Api */ = {
			isa = PBXGroup;
			children = (
				7729AE671D6C64F0001AEDA1 /* DeviceServerApi+PowerSwitch.h */,
				7729AE681D6C64F0001AEDA1 /* DeviceServerApi+PowerSwitch.m */,
				772CA1141D48E280006ECAA2 /* DataApi.h */,
				772CA1151D48E280006ECAA2 /* DataApi.m */,
			);
			name = Api;
			sourceTree = "<group>";
		};
		770CC1B51D4611BE0088910E /* Hateoas */ = {
			isa = PBXGroup;
			children = (
				77447A4D1D5B4F36006AF506 /* Client.h */,
				77447A4E1D5B4F36006AF506 /* Client.m */,
				77447A4F1D5B4F36006AF506 /* Clients.h */,
				77447A501D5B4F36006AF506 /* Clients.m */,
				77447A531D5B4F36006AF506 /* Instances.h */,
				77447A541D5B4F36006AF506 /* Instances.m */,
				77447A551D5B4F36006AF506 /* IPSODigitalOutputInstance.h */,
				77447A561D5B4F36006AF506 /* IPSODigitalOutputInstance.m */,
				77447A571D5B4F36006AF506 /* IPSOInstance.h */,
				77447A581D5B4F36006AF506 /* IPSOInstance.m */,
				77447A5E1D5B4F36006AF506 /* ObjectType.h */,
				77447A5F1D5B4F36006AF506 /* ObjectType.m */,
				77447A601D5B4F36006AF506 /* ObjectTypes.h */,
				77447A611D5B4F36006AF506 /* ObjectTypes.m */,
				77447A621D5B4F36006AF506 /* PageInfo.h */,
				77447A631D5B4F36006AF506 /* PageInfo.m */,
			);
			name = Hateoas;
			sourceTree = "<group>";
		};
		772CA1101D48E209006ECAA2 /* Data */ = {
			isa = PBXGroup;
			children = (
				7744A5151D547BCD0000E18D /* AppData.h */,
				7744A5161D547BCD0000E18D /* AppData.m */,
				774341011D4A4CFE000D6FF2 /* RelayDevice.h */,
				774341021D4A4CFE000D6FF2 /* RelayDevice.m */,
			);
			name = Data;
			sourceTree = "<group>";
		};
		773C594A1D6D97E6008BDEA9 /* Products */ = {
			isa = PBXGroup;
			children = (
				773C594E1D6D97EC008BDEA9 /* CreatorKit.framework */,
			);
			name = Products;
			sourceTree = "<group>";
		};
		77CA80D11D50BF67007AE6E3 /* Views */ = {
			isa = PBXGroup;
			children = (
				77CA80DC1D50BFCA007AE6E3 /* GatewayTableViewCell.h */,
				77CA80DD1D50BFCA007AE6E3 /* GatewayTableViewCell.m */,
				77CA80E81D50C08F007AE6E3 /* RelayDeviceTableViewCell.h */,
				77CA80E91D50C08F007AE6E3 /* RelayDeviceTableViewCell.m */,
			);
			name = Views;
			sourceTree = "<group>";
		};
		77CA80DB1D50BF9D007AE6E3 /* View Controllers */ = {
			isa = PBXGroup;
			children = (
				77CA80DF1D50BFF2007AE6E3 /* GatewaysTableViewController.h */,
				77CA80E01D50BFF2007AE6E3 /* GatewaysTableViewController.m */,
				77CA80E31D50BFF2007AE6E3 /* RelayDevicesViewController.h */,
				77CA80E41D50BFF2007AE6E3 /* RelayDevicesViewController.m */,
			);
			name = "View Controllers";
			sourceTree = "<group>";
		};
/* End PBXGroup section */

/* Begin PBXNativeTarget section */
		770CC1711D460ECA0088910E /* PowerSwitch */ = {
			isa = PBXNativeTarget;
			buildConfigurationList = 770CC19F1D460ECB0088910E /* Build configuration list for PBXNativeTarget "PowerSwitch" */;
			buildPhases = (
				770CC16E1D460ECA0088910E /* Sources */,
				770CC16F1D460ECA0088910E /* Frameworks */,
				770CC1701D460ECA0088910E /* Resources */,
				773C59E61D6D9893008BDEA9 /* Embed Frameworks */,
			);
			buildRules = (
			);
			dependencies = (
				773C59E01D6D9885008BDEA9 /* PBXTargetDependency */,
				773C59E51D6D9893008BDEA9 /* PBXTargetDependency */,
			);
			name = PowerSwitch;
			productName = PowerSwitch;
			productReference = 770CC1721D460ECA0088910E /* PowerSwitch.app */;
			productType = "com.apple.product-type.application";
		};
/* End PBXNativeTarget section */

/* Begin PBXProject section */
		770CC16A1D460ECA0088910E /* Project object */ = {
			isa = PBXProject;
			attributes = {
				LastUpgradeCheck = 0730;
				ORGANIZATIONNAME = "Rafal Baranowski";
				TargetAttributes = {
					770CC1711D460ECA0088910E = {
						CreatedOnToolsVersion = 7.3.1;
					};
				};
			};
			buildConfigurationList = 770CC16D1D460ECA0088910E /* Build configuration list for PBXProject "PowerSwitch" */;
			compatibilityVersion = "Xcode 3.2";
			developmentRegion = English;
			hasScannedForEncodings = 0;
			knownRegions = (
				en,
				Base,
			);
			mainGroup = 770CC1691D460ECA0088910E;
			productRefGroup = 770CC1731D460ECA0088910E /* Products */;
			projectDirPath = "";
			projectReferences = (
				{
					ProductGroup = 773C594A1D6D97E6008BDEA9 /* Products */;
					ProjectRef = 773C59491D6D97E6008BDEA9 /* CreatorKit.xcodeproj */;
				},
			);
			projectRoot = "";
			targets = (
				770CC1711D460ECA0088910E /* PowerSwitch */,
			);
		};
/* End PBXProject section */

/* Begin PBXReferenceProxy section */
		773C594E1D6D97EC008BDEA9 /* CreatorKit.framework */ = {
			isa = PBXReferenceProxy;
			fileType = wrapper.framework;
			path = CreatorKit.framework;
			remoteRef = 773C594D1D6D97EC008BDEA9 /* PBXContainerItemProxy */;
			sourceTree = BUILT_PRODUCTS_DIR;
		};
/* End PBXReferenceProxy section */

/* Begin PBXResourcesBuildPhase section */
		770CC1701D460ECA0088910E /* Resources */ = {
			isa = PBXResourcesBuildPhase;
			buildActionMask = 2147483647;
			files = (
				770CC1851D460ECA0088910E /* LaunchScreen.storyboard in Resources */,
				770CC1821D460ECA0088910E /* Assets.xcassets in Resources */,
				770CC1801D460ECA0088910E /* Main.storyboard in Resources */,
			);
			runOnlyForDeploymentPostprocessing = 0;
		};
/* End PBXResourcesBuildPhase section */

/* Begin PBXSourcesBuildPhase section */
		770CC16E1D460ECA0088910E /* Sources */ = {
			isa = PBXSourcesBuildPhase;
			buildActionMask = 2147483647;
			files = (
				7729AE691D6C64F0001AEDA1 /* DeviceServerApi+PowerSwitch.m in Sources */,
				77CA80E71D50BFF2007AE6E3 /* RelayDevicesViewController.m in Sources */,
				7744A5171D547BCD0000E18D /* AppData.m in Sources */,
				77447A6A1D5B4F36006AF506 /* IPSODigitalOutputInstance.m in Sources */,
				77447A6E1D5B4F36006AF506 /* ObjectType.m in Sources */,
				77CA80EA1D50C08F007AE6E3 /* RelayDeviceTableViewCell.m in Sources */,
				77447A701D5B4F36006AF506 /* PageInfo.m in Sources */,
				77447A6F1D5B4F36006AF506 /* ObjectTypes.m in Sources */,
				774341031D4A4CFE000D6FF2 /* RelayDevice.m in Sources */,
				77447A671D5B4F36006AF506 /* Clients.m in Sources */,
				77447A661D5B4F36006AF506 /* Client.m in Sources */,
				770CC17A1D460ECA0088910E /* AppDelegate.m in Sources */,
				770CC1771D460ECA0088910E /* main.m in Sources */,
				77447A6B1D5B4F36006AF506 /* IPSOInstance.m in Sources */,
				77CA80E51D50BFF2007AE6E3 /* GatewaysTableViewController.m in Sources */,
				77CA80DE1D50BFCA007AE6E3 /* GatewayTableViewCell.m in Sources */,
				77447A691D5B4F36006AF506 /* Instances.m in Sources */,
				772CA1161D48E280006ECAA2 /* DataApi.m in Sources */,
			);
			runOnlyForDeploymentPostprocessing = 0;
		};
/* End PBXSourcesBuildPhase section */

/* Begin PBXTargetDependency section */
		773C59E01D6D9885008BDEA9 /* PBXTargetDependency */ = {
			isa = PBXTargetDependency;
			name = CreatorKit;
			targetProxy = 773C59DF1D6D9885008BDEA9 /* PBXContainerItemProxy */;
		};
		773C59E51D6D9893008BDEA9 /* PBXTargetDependency */ = {
			isa = PBXTargetDependency;
			name = CreatorKit;
			targetProxy = 773C59E41D6D9893008BDEA9 /* PBXContainerItemProxy */;
		};
/* End PBXTargetDependency section */

/* Begin PBXVariantGroup section */
		770CC17E1D460ECA0088910E /* Main.storyboard */ = {
			isa = PBXVariantGroup;
			children = (
				770CC17F1D460ECA0088910E /* Base */,
			);
			name = Main.storyboard;
			sourceTree = "<group>";
		};
		770CC1831D460ECA0088910E /* LaunchScreen.storyboard */ = {
			isa = PBXVariantGroup;
			children = (
				770CC1841D460ECA0088910E /* Base */,
			);
			name = LaunchScreen.storyboard;
			sourceTree = "<group>";
		};
/* End PBXVariantGroup section */

/* Begin XCBuildConfiguration section */
		770CC19D1D460ECB0088910E /* Debug */ = {
			isa = XCBuildConfiguration;
			buildSettings = {
				ALWAYS_SEARCH_USER_PATHS = NO;
				CLANG_ANALYZER_NONNULL = YES;
				CLANG_CXX_LANGUAGE_STANDARD = "gnu++0x";
				CLANG_CXX_LIBRARY = "libc++";
				CLANG_ENABLE_MODULES = YES;
				CLANG_ENABLE_OBJC_ARC = YES;
				CLANG_WARN_BOOL_CONVERSION = YES;
				CLANG_WARN_CONSTANT_CONVERSION = YES;
				CLANG_WARN_DIRECT_OBJC_ISA_USAGE = YES_ERROR;
				CLANG_WARN_EMPTY_BODY = YES;
				CLANG_WARN_ENUM_CONVERSION = YES;
				CLANG_WARN_INT_CONVERSION = YES;
				CLANG_WARN_OBJC_ROOT_CLASS = YES_ERROR;
				CLANG_WARN_UNREACHABLE_CODE = YES;
				CLANG_WARN__DUPLICATE_METHOD_MATCH = YES;
				"CODE_SIGN_IDENTITY[sdk=iphoneos*]" = "iPhone Developer";
				COPY_PHASE_STRIP = NO;
				DEBUG_INFORMATION_FORMAT = dwarf;
				ENABLE_STRICT_OBJC_MSGSEND = YES;
				ENABLE_TESTABILITY = YES;
				GCC_C_LANGUAGE_STANDARD = gnu99;
				GCC_DYNAMIC_NO_PIC = NO;
				GCC_NO_COMMON_BLOCKS = YES;
				GCC_OPTIMIZATION_LEVEL = 0;
				GCC_PREPROCESSOR_DEFINITIONS = (
					"DEBUG=1",
					"$(inherited)",
				);
				GCC_WARN_64_TO_32_BIT_CONVERSION = YES;
				GCC_WARN_ABOUT_RETURN_TYPE = YES_ERROR;
				GCC_WARN_UNDECLARED_SELECTOR = YES;
				GCC_WARN_UNINITIALIZED_AUTOS = YES_AGGRESSIVE;
				GCC_WARN_UNUSED_FUNCTION = YES;
				GCC_WARN_UNUSED_VARIABLE = YES;
				IPHONEOS_DEPLOYMENT_TARGET = 9.3;
				MTL_ENABLE_DEBUG_INFO = YES;
				ONLY_ACTIVE_ARCH = YES;
				SDKROOT = iphoneos;
				TARGETED_DEVICE_FAMILY = "1,2";
			};
			name = Debug;
		};
		770CC19E1D460ECB0088910E /* Release */ = {
			isa = XCBuildConfiguration;
			buildSettings = {
				ALWAYS_SEARCH_USER_PATHS = NO;
				CLANG_ANALYZER_NONNULL = YES;
				CLANG_CXX_LANGUAGE_STANDARD = "gnu++0x";
				CLANG_CXX_LIBRARY = "libc++";
				CLANG_ENABLE_MODULES = YES;
				CLANG_ENABLE_OBJC_ARC = YES;
				CLANG_WARN_BOOL_CONVERSION = YES;
				CLANG_WARN_CONSTANT_CONVERSION = YES;
				CLANG_WARN_DIRECT_OBJC_ISA_USAGE = YES_ERROR;
				CLANG_WARN_EMPTY_BODY = YES;
				CLANG_WARN_ENUM_CONVERSION = YES;
				CLANG_WARN_INT_CONVERSION = YES;
				CLANG_WARN_OBJC_ROOT_CLASS = YES_ERROR;
				CLANG_WARN_UNREACHABLE_CODE = YES;
				CLANG_WARN__DUPLICATE_METHOD_MATCH = YES;
				"CODE_SIGN_IDENTITY[sdk=iphoneos*]" = "iPhone Developer";
				COPY_PHASE_STRIP = NO;
				DEBUG_INFORMATION_FORMAT = "dwarf-with-dsym";
				ENABLE_NS_ASSERTIONS = NO;
				ENABLE_STRICT_OBJC_MSGSEND = YES;
				GCC_C_LANGUAGE_STANDARD = gnu99;
				GCC_NO_COMMON_BLOCKS = YES;
				GCC_WARN_64_TO_32_BIT_CONVERSION = YES;
				GCC_WARN_ABOUT_RETURN_TYPE = YES_ERROR;
				GCC_WARN_UNDECLARED_SELECTOR = YES;
				GCC_WARN_UNINITIALIZED_AUTOS = YES_AGGRESSIVE;
				GCC_WARN_UNUSED_FUNCTION = YES;
				GCC_WARN_UNUSED_VARIABLE = YES;
				IPHONEOS_DEPLOYMENT_TARGET = 9.3;
				MTL_ENABLE_DEBUG_INFO = NO;
				SDKROOT = iphoneos;
				TARGETED_DEVICE_FAMILY = "1,2";
				VALIDATE_PRODUCT = YES;
			};
			name = Release;
		};
		770CC1A01D460ECB0088910E /* Debug */ = {
			isa = XCBuildConfiguration;
			buildSettings = {
				ASSETCATALOG_COMPILER_APPICON_NAME = AppIcon;
				FRAMEWORK_SEARCH_PATHS = "$(inherited)";
				INFOPLIST_FILE = PowerSwitch/Info.plist;
				LD_RUNPATH_SEARCH_PATHS = "$(inherited) @executable_path/Frameworks";
				PRODUCT_BUNDLE_IDENTIFIER = io.creatordev.PowerSwitch;
				PRODUCT_NAME = "$(TARGET_NAME)";
			};
			name = Debug;
		};
		770CC1A11D460ECB0088910E /* Release */ = {
			isa = XCBuildConfiguration;
			buildSettings = {
				ASSETCATALOG_COMPILER_APPICON_NAME = AppIcon;
				FRAMEWORK_SEARCH_PATHS = "$(inherited)";
				INFOPLIST_FILE = PowerSwitch/Info.plist;
				LD_RUNPATH_SEARCH_PATHS = "$(inherited) @executable_path/Frameworks";
				PRODUCT_BUNDLE_IDENTIFIER = io.creatordev.PowerSwitch;
				PRODUCT_NAME = "$(TARGET_NAME)";
			};
			name = Release;
		};
/* End XCBuildConfiguration section */

/* Begin XCConfigurationList section */
		770CC16D1D460ECA0088910E /* Build configuration list for PBXProject "PowerSwitch" */ = {
			isa = XCConfigurationList;
			buildConfigurations = (
				770CC19D1D460ECB0088910E /* Debug */,
				770CC19E1D460ECB0088910E /* Release */,
			);
			defaultConfigurationIsVisible = 0;
			defaultConfigurationName = Release;
		};
		770CC19F1D460ECB0088910E /* Build configuration list for PBXNativeTarget "PowerSwitch" */ = {
			isa = XCConfigurationList;
			buildConfigurations = (
				770CC1A01D460ECB0088910E /* Debug */,
				770CC1A11D460ECB0088910E /* Release */,
			);
			defaultConfigurationIsVisible = 0;
			defaultConfigurationName = Release;
		};
/* End XCConfigurationList section */
	};
	rootObject = 770CC16A1D460ECA0088910E /* Project object */;
}
